// !$*UTF8*$!
{
	archiveVersion = 1;
	classes = {
	};
	objectVersion = 48;
	objects = {

/* Begin PBXBuildFile section */
		558EA895771BA451586E8495 /* Pods_Solar_System.framework in Frameworks */ = {isa = PBXBuildFile; fileRef = 086F913815472F5A44E9555C /* Pods_Solar_System.framework */; };
		C82558E81F732931002ABE6F /* AppDelegate.swift in Sources */ = {isa = PBXBuildFile; fileRef = C82558E71F732931002ABE6F /* AppDelegate.swift */; };
		C82558EA1F732931002ABE6F /* art.scnassets in Resources */ = {isa = PBXBuildFile; fileRef = C82558E91F732931002ABE6F /* art.scnassets */; };
		C82558EC1F732931002ABE6F /* ViewController.swift in Sources */ = {isa = PBXBuildFile; fileRef = C82558EB1F732931002ABE6F /* ViewController.swift */; };
		C82558EF1F732931002ABE6F /* Main.storyboard in Resources */ = {isa = PBXBuildFile; fileRef = C82558ED1F732931002ABE6F /* Main.storyboard */; };
		C82558F11F732931002ABE6F /* Assets.xcassets in Resources */ = {isa = PBXBuildFile; fileRef = C82558F01F732931002ABE6F /* Assets.xcassets */; };
		C82558F41F732931002ABE6F /* LaunchScreen.storyboard in Resources */ = {isa = PBXBuildFile; fileRef = C82558F21F732931002ABE6F /* LaunchScreen.storyboard */; };
		C82D57E81F742DE200F3F238 /* ImageViewController.swift in Sources */ = {isa = PBXBuildFile; fileRef = C82D57E71F742DE200F3F238 /* ImageViewController.swift */; };
		C83601701F74996800D2477D /* PlanetViewController.swift in Sources */ = {isa = PBXBuildFile; fileRef = C836016F1F74996800D2477D /* PlanetViewController.swift */; };
		C8FA14881F7B0E670052F2B8 /* LaunchViewController.swift in Sources */ = {isa = PBXBuildFile; fileRef = C8FA14871F7B0E660052F2B8 /* LaunchViewController.swift */; };
/* End PBXBuildFile section */

/* Begin PBXFileReference section */
		0646DB93BF8CE035B6AEF756 /* Pods-Solar System.release.xcconfig */ = {isa = PBXFileReference; includeInIndex = 1; lastKnownFileType = text.xcconfig; name = "Pods-Solar System.release.xcconfig"; path = "Pods/Target Support Files/Pods-Solar System/Pods-Solar System.release.xcconfig"; sourceTree = "<group>"; };
		086F913815472F5A44E9555C /* Pods_Solar_System.framework */ = {isa = PBXFileReference; explicitFileType = wrapper.framework; includeInIndex = 0; path = Pods_Solar_System.framework; sourceTree = BUILT_PRODUCTS_DIR; };
		7A9C7636EAC7A01CC0132EA7 /* Pods-Solar System.debug.xcconfig */ = {isa = PBXFileReference; includeInIndex = 1; lastKnownFileType = text.xcconfig; name = "Pods-Solar System.debug.xcconfig"; path = "Pods/Target Support Files/Pods-Solar System/Pods-Solar System.debug.xcconfig"; sourceTree = "<group>"; };
		C82558E41F732931002ABE6F /* Solar System.app */ = {isa = PBXFileReference; explicitFileType = wrapper.application; includeInIndex = 0; path = "Solar System.app"; sourceTree = BUILT_PRODUCTS_DIR; };
		C82558E71F732931002ABE6F /* AppDelegate.swift */ = {isa = PBXFileReference; lastKnownFileType = sourcecode.swift; path = AppDelegate.swift; sourceTree = "<group>"; };
		C82558E91F732931002ABE6F /* art.scnassets */ = {isa = PBXFileReference; lastKnownFileType = wrapper.scnassets; path = art.scnassets; sourceTree = "<group>"; };
		C82558EB1F732931002ABE6F /* ViewController.swift */ = {isa = PBXFileReference; lastKnownFileType = sourcecode.swift; path = ViewController.swift; sourceTree = "<group>"; };
		C82558EE1F732931002ABE6F /* Base */ = {isa = PBXFileReference; lastKnownFileType = file.storyboard; name = Base; path = Base.lproj/Main.storyboard; sourceTree = "<group>"; };
		C82558F01F732931002ABE6F /* Assets.xcassets */ = {isa = PBXFileReference; lastKnownFileType = folder.assetcatalog; path = Assets.xcassets; sourceTree = "<group>"; };
		C82558F31F732931002ABE6F /* Base */ = {isa = PBXFileReference; lastKnownFileType = file.storyboard; name = Base; path = Base.lproj/LaunchScreen.storyboard; sourceTree = "<group>"; };
		C82558F51F732931002ABE6F /* Info.plist */ = {isa = PBXFileReference; lastKnownFileType = text.plist.xml; path = Info.plist; sourceTree = "<group>"; };
		C82D57E71F742DE200F3F238 /* ImageViewController.swift */ = {isa = PBXFileReference; lastKnownFileType = sourcecode.swift; path = ImageViewController.swift; sourceTree = "<group>"; };
		C836016F1F74996800D2477D /* PlanetViewController.swift */ = {isa = PBXFileReference; lastKnownFileType = sourcecode.swift; path = PlanetViewController.swift; sourceTree = "<group>"; };
		C8FA14871F7B0E660052F2B8 /* LaunchViewController.swift */ = {isa = PBXFileReference; lastKnownFileType = sourcecode.swift; path = LaunchViewController.swift; sourceTree = "<group>"; };
/* End PBXFileReference section */

/* Begin PBXFrameworksBuildPhase section */
		C82558E11F732931002ABE6F /* Frameworks */ = {
			isa = PBXFrameworksBuildPhase;
			buildActionMask = 2147483647;
			files = (
				558EA895771BA451586E8495 /* Pods_Solar_System.framework in Frameworks */,
			);
			runOnlyForDeploymentPostprocessing = 0;
		};
/* End PBXFrameworksBuildPhase section */

/* Begin PBXGroup section */
		48548C524E8BE0C39C405FE7 /* Pods */ = {
			isa = PBXGroup;
			children = (
				7A9C7636EAC7A01CC0132EA7 /* Pods-Solar System.debug.xcconfig */,
				0646DB93BF8CE035B6AEF756 /* Pods-Solar System.release.xcconfig */,
			);
			name = Pods;
			sourceTree = "<group>";
		};
		C82558DB1F732931002ABE6F = {
			isa = PBXGroup;
			children = (
				C82558E61F732931002ABE6F /* Solar System */,
				C82558E51F732931002ABE6F /* Products */,
				48548C524E8BE0C39C405FE7 /* Pods */,
				DC4CCDE962332D3D59C5B6C2 /* Frameworks */,
			);
			sourceTree = "<group>";
		};
		C82558E51F732931002ABE6F /* Products */ = {
			isa = PBXGroup;
			children = (
				C82558E41F732931002ABE6F /* Solar System.app */,
			);
			name = Products;
			sourceTree = "<group>";
		};
		C82558E61F732931002ABE6F /* Solar System */ = {
			isa = PBXGroup;
			children = (
				C861B4611F7A1C5800402520 /* view */,
				C861B4601F7A1C3600402520 /* controllers */,
				C82558E91F732931002ABE6F /* art.scnassets */,
				C82558F01F732931002ABE6F /* Assets.xcassets */,
				C82558F51F732931002ABE6F /* Info.plist */,
			);
			path = "Solar System";
			sourceTree = "<group>";
		};
		C861B4601F7A1C3600402520 /* controllers */ = {
			isa = PBXGroup;
			children = (
				C836016F1F74996800D2477D /* PlanetViewController.swift */,
				C82D57E71F742DE200F3F238 /* ImageViewController.swift */,
				C82558EB1F732931002ABE6F /* ViewController.swift */,
				C82558E71F732931002ABE6F /* AppDelegate.swift */,
				C8FA14871F7B0E660052F2B8 /* LaunchViewController.swift */,
			);
			path = controllers;
			sourceTree = "<group>";
		};
		C861B4611F7A1C5800402520 /* view */ = {
			isa = PBXGroup;
			children = (
				C82558ED1F732931002ABE6F /* Main.storyboard */,
				C82558F21F732931002ABE6F /* LaunchScreen.storyboard */,
			);
			path = view;
			sourceTree = "<group>";
		};
		DC4CCDE962332D3D59C5B6C2 /* Frameworks */ = {
			isa = PBXGroup;
			children = (
				086F913815472F5A44E9555C /* Pods_Solar_System.framework */,
			);
			name = Frameworks;
			sourceTree = "<group>";
		};
/* End PBXGroup section */

/* Begin PBXNativeTarget section */
		C82558E31F732931002ABE6F /* Solar System */ = {
			isa = PBXNativeTarget;
			buildConfigurationList = C82558F81F732931002ABE6F /* Build configuration list for PBXNativeTarget "Solar System" */;
			buildPhases = (
				D35DF684952EF8D80045C4E4 /* [CP] Check Pods Manifest.lock */,
				C82558E01F732931002ABE6F /* Sources */,
				C82558E11F732931002ABE6F /* Frameworks */,
				C82558E21F732931002ABE6F /* Resources */,
				24F545658D23014CF6025380 /* [CP] Embed Pods Frameworks */,
				633DF40A4FA7DFD6CA63AA72 /* [CP] Copy Pods Resources */,
			);
			buildRules = (
			);
			dependencies = (
			);
			name = "Solar System";
			productName = "Solar System";
			productReference = C82558E41F732931002ABE6F /* Solar System.app */;
			productType = "com.apple.product-type.application";
		};
/* End PBXNativeTarget section */

/* Begin PBXProject section */
		C82558DC1F732931002ABE6F /* Project object */ = {
			isa = PBXProject;
			attributes = {
				LastSwiftUpdateCheck = 0900;
				LastUpgradeCheck = 0900;
				ORGANIZATIONNAME = "Aditya Emani";
				TargetAttributes = {
					C82558E31F732931002ABE6F = {
						CreatedOnToolsVersion = 9.0;
						ProvisioningStyle = Automatic;
					};
				};
			};
			buildConfigurationList = C82558DF1F732931002ABE6F /* Build configuration list for PBXProject "Solar System" */;
			compatibilityVersion = "Xcode 8.0";
			developmentRegion = en;
			hasScannedForEncodings = 0;
			knownRegions = (
				en,
				Base,
			);
			mainGroup = C82558DB1F732931002ABE6F;
			productRefGroup = C82558E51F732931002ABE6F /* Products */;
			projectDirPath = "";
			projectRoot = "";
			targets = (
				C82558E31F732931002ABE6F /* Solar System */,
			);
		};
/* End PBXProject section */

/* Begin PBXResourcesBuildPhase section */
		C82558E21F732931002ABE6F /* Resources */ = {
			isa = PBXResourcesBuildPhase;
			buildActionMask = 2147483647;
			files = (
				C82558EA1F732931002ABE6F /* art.scnassets in Resources */,
				C82558F41F732931002ABE6F /* LaunchScreen.storyboard in Resources */,
				C82558F11F732931002ABE6F /* Assets.xcassets in Resources */,
				C82558EF1F732931002ABE6F /* Main.storyboard in Resources */,
			);
			runOnlyForDeploymentPostprocessing = 0;
		};
/* End PBXResourcesBuildPhase section */

/* Begin PBXShellScriptBuildPhase section */
		24F545658D23014CF6025380 /* [CP] Embed Pods Frameworks */ = {
			isa = PBXShellScriptBuildPhase;
			buildActionMask = 2147483647;
			files = (
			);
			inputPaths = (
				"${SRCROOT}/Pods/Target Support Files/Pods-Solar System/Pods-Solar System-frameworks.sh",
				"${BUILT_PRODUCTS_DIR}/ChameleonFramework/ChameleonFramework.framework",
				"${BUILT_PRODUCTS_DIR}/Floaty/Floaty.framework",
				"${BUILT_PRODUCTS_DIR}/Toast-Swift/Toast_Swift.framework",
			);
			name = "[CP] Embed Pods Frameworks";
			outputPaths = (
				"${TARGET_BUILD_DIR}/${FRAMEWORKS_FOLDER_PATH}/ChameleonFramework.framework",
				"${TARGET_BUILD_DIR}/${FRAMEWORKS_FOLDER_PATH}/Floaty.framework",
				"${TARGET_BUILD_DIR}/${FRAMEWORKS_FOLDER_PATH}/Toast_Swift.framework",
			);
			runOnlyForDeploymentPostprocessing = 0;
			shellPath = /bin/sh;
			shellScript = "\"${SRCROOT}/Pods/Target Support Files/Pods-Solar System/Pods-Solar System-frameworks.sh\"\n";
			showEnvVarsInLog = 0;
		};
		633DF40A4FA7DFD6CA63AA72 /* [CP] Copy Pods Resources */ = {
			isa = PBXShellScriptBuildPhase;
			buildActionMask = 2147483647;
			files = (
			);
			inputPaths = (
			);
			name = "[CP] Copy Pods Resources";
			outputPaths = (
			);
			runOnlyForDeploymentPostprocessing = 0;
			shellPath = /bin/sh;
			shellScript = "\"${SRCROOT}/Pods/Target Support Files/Pods-Solar System/Pods-Solar System-resources.sh\"\n";
			showEnvVarsInLog = 0;
		};
		D35DF684952EF8D80045C4E4 /* [CP] Check Pods Manifest.lock */ = {
			isa = PBXShellScriptBuildPhase;
			buildActionMask = 2147483647;
			files = (
			);
			inputPaths = (
				"${PODS_PODFILE_DIR_PATH}/Podfile.lock",
				"${PODS_ROOT}/Manifest.lock",
			);
			name = "[CP] Check Pods Manifest.lock";
			outputPaths = (
				"$(DERIVED_FILE_DIR)/Pods-Solar System-checkManifestLockResult.txt",
			);
			runOnlyForDeploymentPostprocessing = 0;
			shellPath = /bin/sh;
			shellScript = "diff \"${PODS_PODFILE_DIR_PATH}/Podfile.lock\" \"${PODS_ROOT}/Manifest.lock\" > /dev/null\nif [ $? != 0 ] ; then\n    # print error to STDERR\n    echo \"error: The sandbox is not in sync with the Podfile.lock. Run 'pod install' or update your CocoaPods installation.\" >&2\n    exit 1\nfi\n# This output is used by Xcode 'outputs' to avoid re-running this script phase.\necho \"SUCCESS\" > \"${SCRIPT_OUTPUT_FILE_0}\"\n";
			showEnvVarsInLog = 0;
		};
/* End PBXShellScriptBuildPhase section */

/* Begin PBXSourcesBuildPhase section */
		C82558E01F732931002ABE6F /* Sources */ = {
			isa = PBXSourcesBuildPhase;
			buildActionMask = 2147483647;
			files = (
				C83601701F74996800D2477D /* PlanetViewController.swift in Sources */,
				C8FA14881F7B0E670052F2B8 /* LaunchViewController.swift in Sources */,
				C82558EC1F732931002ABE6F /* ViewController.swift in Sources */,
				C82D57E81F742DE200F3F238 /* ImageViewController.swift in Sources */,
				C82558E81F732931002ABE6F /* AppDelegate.swift in Sources */,
			);
			runOnlyForDeploymentPostprocessing = 0;
		};
/* End PBXSourcesBuildPhase section */

/* Begin PBXVariantGroup section */
		C82558ED1F732931002ABE6F /* Main.storyboard */ = {
			isa = PBXVariantGroup;
			children = (
				C82558EE1F732931002ABE6F /* Base */,
			);
			name = Main.storyboard;
			sourceTree = "<group>";
		};
		C82558F21F732931002ABE6F /* LaunchScreen.storyboard */ = {
			isa = PBXVariantGroup;
			children = (
				C82558F31F732931002ABE6F /* Base */,
			);
			name = LaunchScreen.storyboard;
			sourceTree = "<group>";
		};
/* End PBXVariantGroup section */

/* Begin XCBuildConfiguration section */
		C82558F61F732931002ABE6F /* Debug */ = {
			isa = XCBuildConfiguration;
			buildSettings = {
				ALWAYS_SEARCH_USER_PATHS = NO;
				CLANG_ANALYZER_NONNULL = YES;
				CLANG_ANALYZER_NUMBER_OBJECT_CONVERSION = YES_AGGRESSIVE;
				CLANG_CXX_LANGUAGE_STANDARD = "gnu++14";
				CLANG_CXX_LIBRARY = "libc++";
				CLANG_ENABLE_MODULES = YES;
				CLANG_ENABLE_OBJC_ARC = YES;
				CLANG_WARN_BLOCK_CAPTURE_AUTORELEASING = YES;
				CLANG_WARN_BOOL_CONVERSION = YES;
				CLANG_WARN_COMMA = YES;
				CLANG_WARN_CONSTANT_CONVERSION = YES;
				CLANG_WARN_DIRECT_OBJC_ISA_USAGE = YES_ERROR;
				CLANG_WARN_DOCUMENTATION_COMMENTS = YES;
				CLANG_WARN_EMPTY_BODY = YES;
				CLANG_WARN_ENUM_CONVERSION = YES;
				CLANG_WARN_INFINITE_RECURSION = YES;
				CLANG_WARN_INT_CONVERSION = YES;
				CLANG_WARN_NON_LITERAL_NULL_CONVERSION = YES;
				CLANG_WARN_OBJC_LITERAL_CONVERSION = YES;
				CLANG_WARN_OBJC_ROOT_CLASS = YES_ERROR;
				CLANG_WARN_RANGE_LOOP_ANALYSIS = YES;
				CLANG_WARN_STRICT_PROTOTYPES = YES;
				CLANG_WARN_SUSPICIOUS_MOVE = YES;
				CLANG_WARN_UNGUARDED_AVAILABILITY = YES_AGGRESSIVE;
				CLANG_WARN_UNREACHABLE_CODE = YES;
				CLANG_WARN__DUPLICATE_METHOD_MATCH = YES;
				CODE_SIGN_IDENTITY = "iPhone Developer";
				COPY_PHASE_STRIP = NO;
				DEBUG_INFORMATION_FORMAT = dwarf;
				ENABLE_STRICT_OBJC_MSGSEND = YES;
				ENABLE_TESTABILITY = YES;
				GCC_C_LANGUAGE_STANDARD = gnu11;
				GCC_DYNAMIC_NO_PIC = NO;
				GCC_NO_COMMON_BLOCKS = YES;
				GCC_OPTIMIZATION_LEVEL = 0;
				GCC_PREPROCESSOR_DEFINITIONS = (
					"DEBUG=1",
					"$(inherited)",
				);
				GCC_WARN_64_TO_32_BIT_CONVERSION = YES;
				GCC_WARN_ABOUT_RETURN_TYPE = YES_ERROR;
				GCC_WARN_UNDECLARED_SELECTOR = YES;
				GCC_WARN_UNINITIALIZED_AUTOS = YES_AGGRESSIVE;
				GCC_WARN_UNUSED_FUNCTION = YES;
				GCC_WARN_UNUSED_VARIABLE = YES;
				IPHONEOS_DEPLOYMENT_TARGET = 11.0;
				MTL_ENABLE_DEBUG_INFO = YES;
				ONLY_ACTIVE_ARCH = YES;
				SDKROOT = iphoneos;
				SWIFT_ACTIVE_COMPILATION_CONDITIONS = DEBUG;
				SWIFT_OPTIMIZATION_LEVEL = "-Onone";
			};
			name = Debug;
		};
		C82558F71F732931002ABE6F /* Release */ = {
			isa = XCBuildConfiguration;
			buildSettings = {
				ALWAYS_SEARCH_USER_PATHS = NO;
				CLANG_ANALYZER_NONNULL = YES;
				CLANG_ANALYZER_NUMBER_OBJECT_CONVERSION = YES_AGGRESSIVE;
				CLANG_CXX_LANGUAGE_STANDARD = "gnu++14";
				CLANG_CXX_LIBRARY = "libc++";
				CLANG_ENABLE_MODULES = YES;
				CLANG_ENABLE_OBJC_ARC = YES;
				CLANG_WARN_BLOCK_CAPTURE_AUTORELEASING = YES;
				CLANG_WARN_BOOL_CONVERSION = YES;
				CLANG_WARN_COMMA = YES;
				CLANG_WARN_CONSTANT_CONVERSION = YES;
				CLANG_WARN_DIRECT_OBJC_ISA_USAGE = YES_ERROR;
				CLANG_WARN_DOCUMENTATION_COMMENTS = YES;
				CLANG_WARN_EMPTY_BODY = YES;
				CLANG_WARN_ENUM_CONVERSION = YES;
				CLANG_WARN_INFINITE_RECURSION = YES;
				CLANG_WARN_INT_CONVERSION = YES;
				CLANG_WARN_NON_LITERAL_NULL_CONVERSION = YES;
				CLANG_WARN_OBJC_LITERAL_CONVERSION = YES;
				CLANG_WARN_OBJC_ROOT_CLASS = YES_ERROR;
				CLANG_WARN_RANGE_LOOP_ANALYSIS = YES;
				CLANG_WARN_STRICT_PROTOTYPES = YES;
				CLANG_WARN_SUSPICIOUS_MOVE = YES;
				CLANG_WARN_UNGUARDED_AVAILABILITY = YES_AGGRESSIVE;
				CLANG_WARN_UNREACHABLE_CODE = YES;
				CLANG_WARN__DUPLICATE_METHOD_MATCH = YES;
				CODE_SIGN_IDENTITY = "iPhone Developer";
				COPY_PHASE_STRIP = NO;
				DEBUG_INFORMATION_FORMAT = "dwarf-with-dsym";
				ENABLE_NS_ASSERTIONS = NO;
				ENABLE_STRICT_OBJC_MSGSEND = YES;
				GCC_C_LANGUAGE_STANDARD = gnu11;
				GCC_NO_COMMON_BLOCKS = YES;
				GCC_WARN_64_TO_32_BIT_CONVERSION = YES;
				GCC_WARN_ABOUT_RETURN_TYPE = YES_ERROR;
				GCC_WARN_UNDECLARED_SELECTOR = YES;
				GCC_WARN_UNINITIALIZED_AUTOS = YES_AGGRESSIVE;
				GCC_WARN_UNUSED_FUNCTION = YES;
				GCC_WARN_UNUSED_VARIABLE = YES;
				IPHONEOS_DEPLOYMENT_TARGET = 11.0;
				MTL_ENABLE_DEBUG_INFO = NO;
				SDKROOT = iphoneos;
				SWIFT_OPTIMIZATION_LEVEL = "-Owholemodule";
				VALIDATE_PRODUCT = YES;
			};
			name = Release;
		};
		C82558F91F732931002ABE6F /* Debug */ = {
			isa = XCBuildConfiguration;
			baseConfigurationReference = 7A9C7636EAC7A01CC0132EA7 /* Pods-Solar System.debug.xcconfig */;
			buildSettings = {
				ASSETCATALOG_COMPILER_APPICON_NAME = AppIcon;
				CODE_SIGN_STYLE = Automatic;
				DEVELOPMENT_TEAM = D27V92ZH34;
				INFOPLIST_FILE = "Solar System/Info.plist";
				LD_RUNPATH_SEARCH_PATHS = "$(inherited) @executable_path/Frameworks";
				PRODUCT_BUNDLE_IDENTIFIER = "com.augmented.reality.Solar-System";
				PRODUCT_NAME = "$(TARGET_NAME)";
				SWIFT_VERSION = 4.0;
				TARGETED_DEVICE_FAMILY = "1,2";
			};
			name = Debug;
		};
		C82558FA1F732931002ABE6F /* Release */ = {
			isa = XCBuildConfiguration;
			baseConfigurationReference = 0646DB93BF8CE035B6AEF756 /* Pods-Solar System.release.xcconfig */;
			buildSettings = {
				ASSETCATALOG_COMPILER_APPICON_NAME = AppIcon;
				CODE_SIGN_STYLE = Automatic;
				DEVELOPMENT_TEAM = D27V92ZH34;
				INFOPLIST_FILE = "Solar System/Info.plist";
				LD_RUNPATH_SEARCH_PATHS = "$(inherited) @executable_path/Frameworks";
				PRODUCT_BUNDLE_IDENTIFIER = "com.augmented.reality.Solar-System";
				PRODUCT_NAME = "$(TARGET_NAME)";
				SWIFT_VERSION = 4.0;
				TARGETED_DEVICE_FAMILY = "1,2";
			};
			name = Release;
		};
/* End XCBuildConfiguration section */

/* Begin XCConfigurationList section */
		C82558DF1F732931002ABE6F /* Build configuration list for PBXProject "Solar System" */ = {
			isa = XCConfigurationList;
			buildConfigurations = (
				C82558F61F732931002ABE6F /* Debug */,
				C82558F71F732931002ABE6F /* Release */,
			);
			defaultConfigurationIsVisible = 0;
			defaultConfigurationName = Release;
		};
		C82558F81F732931002ABE6F /* Build configuration list for PBXNativeTarget "Solar System" */ = {
			isa = XCConfigurationList;
			buildConfigurations = (
				C82558F91F732931002ABE6F /* Debug */,
				C82558FA1F732931002ABE6F /* Release */,
			);
			defaultConfigurationIsVisible = 0;
			defaultConfigurationName = Release;
		};
/* End XCConfigurationList section */
	};
	rootObject = C82558DC1F732931002ABE6F /* Project object */;
}
